schema: '2.0'
stages:
  make_dataset:
    cmd: python .\src\data\make_dataset.py .\data\raw\creditcard.csv
    deps:
    - path: .\data\raw\creditcard.csv
      hash: md5
      md5: f949be772a1d558a460d731e6cecdcd9
      size: 150826649
    - path: .\src\data\make_dataset.py
      hash: md5
      md5: 5d87ea0853101b748b17af0be510c2ac
      size: 1314
    params:
      params.yaml:
        make_dataset.seed: 2023
        make_dataset.test_split: 0.2
    outs:
    - path: .\data\processed\
      hash: md5
      md5: 2e50219eb7731b4ff0cbc557519ef535.dir
      size: 151100423
      nfiles: 2
  train_model:
    cmd: python .\src\models\train_model.py .\data\processed\
    deps:
    - path: .\data\processed\
      hash: md5
      md5: 2e50219eb7731b4ff0cbc557519ef535.dir
      size: 151100423
      nfiles: 2
    - path: .\src\models\train_model.py
      hash: md5
      md5: 5af92edffd22804f29af18c1efe94bbb
      size: 1362
    outs:
    - path: .\models\
      hash: md5
      md5: 8d76df4a862daf5eac70a57a7a09a707.dir
      size: 90361
      nfiles: 1
  visualize:
    cmd: python .\src\visualization\visualize.py .\models\model.joblib .\data\processed\
    deps:
    - path: .\data\processed\
      hash: md5
      md5: 2e50219eb7731b4ff0cbc557519ef535.dir
      size: 151100423
      nfiles: 2
    - path: .\models\model.joblib
      hash: md5
      md5: ace1c4802e58abef5e8f3fe4b472f154
      size: 90361
    - path: .\src\visualization\visualize.py
      hash: md5
      md5: 810eef2f0cbfb0ac57bc6c5be88bbbfc
      size: 3650
    outs:
    - path: dvclive
      hash: md5
      md5: 5027c1315510b404f971d80af1d212e0.dir
      size: 19788896
      nfiles: 8
